
Microsoft Visual Studio Solution File, Format Version 12.00
# Visual Studio Version 17
VisualStudioVersion = 17.8.34316.72
MinimumVisualStudioVersion = 10.0.40219.1
Project("{FAE04EC0-301F-11D3-BF4B-00C04F79EFBC}") = "1.1", "1.1\1.1.csproj", "{F680BC41-A570-418E-961F-6CFC1F076FFA}"
EndProject
Project("{FAE04EC0-301F-11D3-BF4B-00C04F79EFBC}") = "UnitTestProject1.1", "UnitTestProject1.1\UnitTestProject1.1.csproj", "{35A993C8-52F2-41A3-BD3D-E6CD18C2EB63}"
EndProject
Project("{FAE04EC0-301F-11D3-BF4B-00C04F79EFBC}") = "zadacha2", "zadacha2\zadacha2.csproj", "{38E83D3D-1A62-46B9-B9CC-BF199E4295BF}"
EndProject
Project("{FAE04EC0-301F-11D3-BF4B-00C04F79EFBC}") = "UnitTestProject2", "UnitTestProject2\UnitTestProject2.csproj", "{F4396525-564F-49C3-9466-77013705B63E}"
EndProject
Project("{FAE04EC0-301F-11D3-BF4B-00C04F79EFBC}") = "UnitTestProject4", "UnitTestProject3\UnitTestProject4.csproj", "{092EF1A5-4313-4538-8FFD-E135037B3C63}"
EndProject
Project("{FAE04EC0-301F-11D3-BF4B-00C04F79EFBC}") = "zadacha4", "zadacha4\zadacha4.csproj", "{595FEFB2-9783-496B-8A02-F6DCABEA75A0}"
EndProject
Project("{FAE04EC0-301F-11D3-BF4B-00C04F79EFBC}") = "zadacha5", "zadacha5\zadacha5.csproj", "{DE2B94ED-2F1E-4E77-A101-1366DD5BED67}"
EndProject
Project("{FAE04EC0-301F-11D3-BF4B-00C04F79EFBC}") = "UnitTestProject5", "UnitTestProject5\UnitTestProject5.csproj", "{157EAE52-0BFA-477C-8B8D-669463D8F533}"
EndProject
Global
	GlobalSection(SolutionConfigurationPlatforms) = preSolution
		Debug|Any CPU = Debug|Any CPU
		Release|Any CPU = Release|Any CPU
	EndGlobalSection
	GlobalSection(ProjectConfigurationPlatforms) = postSolution
		{F680BC41-A570-418E-961F-6CFC1F076FFA}.Debug|Any CPU.ActiveCfg = Debug|Any CPU
		{F680BC41-A570-418E-961F-6CFC1F076FFA}.Debug|Any CPU.Build.0 = Debug|Any CPU
		{F680BC41-A570-418E-961F-6CFC1F076FFA}.Release|Any CPU.ActiveCfg = Release|Any CPU
		{F680BC41-A570-418E-961F-6CFC1F076FFA}.Release|Any CPU.Build.0 = Release|Any CPU
		{35A993C8-52F2-41A3-BD3D-E6CD18C2EB63}.Debug|Any CPU.ActiveCfg = Debug|Any CPU
		{35A993C8-52F2-41A3-BD3D-E6CD18C2EB63}.Debug|Any CPU.Build.0 = Debug|Any CPU
		{35A993C8-52F2-41A3-BD3D-E6CD18C2EB63}.Release|Any CPU.ActiveCfg = Release|Any CPU
		{35A993C8-52F2-41A3-BD3D-E6CD18C2EB63}.Release|Any CPU.Build.0 = Release|Any CPU
		{38E83D3D-1A62-46B9-B9CC-BF199E4295BF}.Debug|Any CPU.ActiveCfg = Debug|Any CPU
		{38E83D3D-1A62-46B9-B9CC-BF199E4295BF}.Debug|Any CPU.Build.0 = Debug|Any CPU
		{38E83D3D-1A62-46B9-B9CC-BF199E4295BF}.Release|Any CPU.ActiveCfg = Release|Any CPU
		{38E83D3D-1A62-46B9-B9CC-BF199E4295BF}.Release|Any CPU.Build.0 = Release|Any CPU
		{F4396525-564F-49C3-9466-77013705B63E}.Debug|Any CPU.ActiveCfg = Debug|Any CPU
		{F4396525-564F-49C3-9466-77013705B63E}.Debug|Any CPU.Build.0 = Debug|Any CPU
		{F4396525-564F-49C3-9466-77013705B63E}.Release|Any CPU.ActiveCfg = Release|Any CPU
		{F4396525-564F-49C3-9466-77013705B63E}.Release|Any CPU.Build.0 = Release|Any CPU
		{092EF1A5-4313-4538-8FFD-E135037B3C63}.Debug|Any CPU.ActiveCfg = Debug|Any CPU
		{092EF1A5-4313-4538-8FFD-E135037B3C63}.Debug|Any CPU.Build.0 = Debug|Any CPU
		{092EF1A5-4313-4538-8FFD-E135037B3C63}.Release|Any CPU.ActiveCfg = Release|Any CPU
		{092EF1A5-4313-4538-8FFD-E135037B3C63}.Release|Any CPU.Build.0 = Release|Any CPU
		{595FEFB2-9783-496B-8A02-F6DCABEA75A0}.Debug|Any CPU.ActiveCfg = Debug|Any CPU
		{595FEFB2-9783-496B-8A02-F6DCABEA75A0}.Debug|Any CPU.Build.0 = Debug|Any CPU
		{595FEFB2-9783-496B-8A02-F6DCABEA75A0}.Release|Any CPU.ActiveCfg = Release|Any CPU
		{595FEFB2-9783-496B-8A02-F6DCABEA75A0}.Release|Any CPU.Build.0 = Release|Any CPU
		{DE2B94ED-2F1E-4E77-A101-1366DD5BED67}.Debug|Any CPU.ActiveCfg = Debug|Any CPU
		{DE2B94ED-2F1E-4E77-A101-1366DD5BED67}.Debug|Any CPU.Build.0 = Debug|Any CPU
		{DE2B94ED-2F1E-4E77-A101-1366DD5BED67}.Release|Any CPU.ActiveCfg = Release|Any CPU
		{DE2B94ED-2F1E-4E77-A101-1366DD5BED67}.Release|Any CPU.Build.0 = Release|Any CPU
		{157EAE52-0BFA-477C-8B8D-669463D8F533}.Debug|Any CPU.ActiveCfg = Debug|Any CPU
		{157EAE52-0BFA-477C-8B8D-669463D8F533}.Debug|Any CPU.Build.0 = Debug|Any CPU
		{157EAE52-0BFA-477C-8B8D-669463D8F533}.Release|Any CPU.ActiveCfg = Release|Any CPU
		{157EAE52-0BFA-477C-8B8D-669463D8F533}.Release|Any CPU.Build.0 = Release|Any CPU
	EndGlobalSection
	GlobalSection(SolutionProperties) = preSolution
		HideSolutionNode = FALSE
	EndGlobalSection
	GlobalSection(ExtensibilityGlobals) = postSolution
		SolutionGuid = {04104079-FF0F-4902-9273-88300BD20C3B}
	EndGlobalSection
EndGlobal
